
Microsoft Visual Studio Solution File, Format Version 12.00
# Visual Studio Version 17
VisualStudioVersion = 17.9.34723.18
MinimumVisualStudioVersion = 10.0.40219.1
Project("{FAE04EC0-301F-11D3-BF4B-00C04F79EFBC}") = "hchavezS1t", "hchavezS1t.csproj", "{036FEB16-EED4-4024-B672-6B94B0F4235F}"
EndProject
Global
	GlobalSection(SolutionConfigurationPlatforms) = preSolution
		Debug|Any CPU = Debug|Any CPU
		Release|Any CPU = Release|Any CPU
	EndGlobalSection
	GlobalSection(ProjectConfigurationPlatforms) = postSolution
		{036FEB16-EED4-4024-B672-6B94B0F4235F}.Debug|Any CPU.ActiveCfg = Debug|Any CPU
		{036FEB16-EED4-4024-B672-6B94B0F4235F}.Debug|Any CPU.Build.0 = Debug|Any CPU
		{036FEB16-EED4-4024-B672-6B94B0F4235F}.Debug|Any CPU.Deploy.0 = Debug|Any CPU
		{036FEB16-EED4-4024-B672-6B94B0F4235F}.Release|Any CPU.ActiveCfg = Release|Any CPU
		{036FEB16-EED4-4024-B672-6B94B0F4235F}.Release|Any CPU.Build.0 = Release|Any CPU
		{036FEB16-EED4-4024-B672-6B94B0F4235F}.Release|Any CPU.Deploy.0 = Release|Any CPU
	EndGlobalSection
	GlobalSection(SolutionProperties) = preSolution
		HideSolutionNode = FALSE
	EndGlobalSection
	GlobalSection(ExtensibilityGlobals) = postSolution
		SolutionGuid = {F2BFFDF0-702E-4BA1-BE2A-A001CC98DFC1}
	EndGlobalSection
EndGlobal
